# This file is autogenerated, do not edit; changes may be undone by the next 'dep ensure'.


[[projects]]
  digest = "1:3bfdfb3f1e89263734e9dd6d65a00ad0d4886750061439b7da2a8ab753a2ecf4"
  name = "github.com/andybalholm/brotli"
  packages = ["."]
  pruneopts = "UT"
  revision = "729edfbcfeaad43a6412c185205501ec80773250"
  version = "v1.0.1"

[[projects]]
  digest = "1:4052ba5e3c39962818e5709a575d59cb42ee2c1ef83c640cf49efc6105abdca9"
  name = "github.com/aws/aws-sdk-go"
  packages = [
    "aws",
    "aws/arn",
    "aws/awserr",
    "aws/awsutil",
    "aws/client",
    "aws/client/metadata",
    "aws/corehandlers",
    "aws/credentials",
    "aws/credentials/ec2rolecreds",
    "aws/credentials/endpointcreds",
    "aws/credentials/processcreds",
    "aws/credentials/stscreds",
    "aws/csm",
    "aws/defaults",
    "aws/ec2metadata",
    "aws/endpoints",
    "aws/request",
    "aws/session",
    "aws/signer/v4",
    "internal/context",
    "internal/ini",
    "internal/s3shared",
    "internal/s3shared/arn",
    "internal/s3shared/s3err",
    "internal/sdkio",
    "internal/sdkmath",
    "internal/sdkrand",
    "internal/sdkuri",
    "internal/shareddefaults",
    "internal/strings",
    "internal/sync/singleflight",
    "private/checksum",
    "private/protocol",
    "private/protocol/eventstream",
    "private/protocol/eventstream/eventstreamapi",
    "private/protocol/json/jsonutil",
    "private/protocol/query",
    "private/protocol/query/queryutil",
    "private/protocol/rest",
    "private/protocol/restxml",
    "private/protocol/xml/xmlutil",
    "service/s3",
    "service/s3/s3iface",
    "service/s3/s3manager",
    "service/sqs",
    "service/sts",
    "service/sts/stsiface",
  ]
  pruneopts = "UT"
  revision = "2c7b39c8f2e2430d5e27482b7421dac5884613c2"
  version = "v1.36.31"

[[projects]]
  digest = "1:dfa0a7a6b64b2ac99259c4e79cc403470a4fa359c41029e0b8be4f419b0a0e5b"
  name = "github.com/google/uuid"
  packages = ["."]
  pruneopts = "UT"
  revision = "bfb86fa49a73e4194d93bea18d7acfe3694438ce"
  version = "v1.2.0"

[[projects]]
  digest = "1:bb81097a5b62634f3e9fec1014657855610c82d19b9a40c17612e32651e35dca"
  name = "github.com/jmespath/go-jmespath"
  packages = ["."]
  pruneopts = "UT"
  revision = "c2b33e84"

[[projects]]
  digest = "1:7d7ccfe00918baede5a3daf233bad41bb922692f58a57a687f8b010e207a167b"
  name = "github.com/json-iterator/go"
  packages = ["."]
  pruneopts = "UT"
  revision = "a1ca0830781e007c66b225121d2cdb3a649421f6"
  version = "v1.1.10"

[[projects]]
  digest = "1:37ed7d714626f5f05c11cfd454bb6c3a7bd6bff50500d315155b02f9026ef483"
  name = "github.com/klauspost/compress"
  packages = [
    "flate",
    "gzip",
    "zlib",
  ]
  pruneopts = "UT"
  revision = "85d8ebff245ce04f07ea619ca9c73be887313eae"
  version = "v1.11.7"

[[projects]]
  digest = "1:4d4cab38f2e6a9f0f17fdbe03746c6c983ddacbd2bae4d49798d928d0aaad790"
  name = "github.com/klauspost/pgzip"
  packages = ["."]
  pruneopts = "UT"
  revision = "52335df0e96fa9c509c6fa2966697620beef6dc3"
  version = "v1.2.5"

[[projects]]
  digest = "1:33422d238f147d247752996a26574ac48dcf472976eda7f5134015f06bf16563"
  name = "github.com/modern-go/concurrent"
  packages = ["."]
  pruneopts = "UT"
  revision = "bacd9c7ef1dd9b15be4a9909b8ac7a4e313eec94"
  version = "1.0.3"

[[projects]]
  digest = "1:e32bdbdb7c377a07a9a46378290059822efdce5c8d96fe71940d87cb4f918855"
  name = "github.com/modern-go/reflect2"
  packages = ["."]
  pruneopts = "UT"
  revision = "4b7aa43c6742a2c18fdef89dd197aaae7dac7ccd"
  version = "1.0.1"

[[projects]]
  branch = "master"
  digest = "1:d6efa822e9b1e35da4653e912128933143d37d2358eebe2b35c1a5f60e028bd0"
  name = "github.com/qiangxue/fasthttp-routing"
  packages = ["."]
  pruneopts = "UT"
  revision = "6ccdc2a18d8712f842de50ddcb8c9a3d025ddc71"

[[projects]]
  digest = "1:57719f5045cad55e305f9900068b7fce6d17eb44ddd3100f79d2e359bacba26e"
  name = "github.com/rs/zerolog"
  packages = [
    ".",
    "internal/cbor",
    "internal/json",
    "log",
  ]
  pruneopts = "UT"
  revision = "72acd6cfe8bbbf5c52bfc805a3889c6941499c95"
  version = "v1.20.0"

[[projects]]
  digest = "1:c468422f334a6b46a19448ad59aaffdfc0a36b08fdcc1c749a0b29b6453d7e59"
  name = "github.com/valyala/bytebufferpool"
  packages = ["."]
  pruneopts = "UT"
  revision = "e746df99fe4a3986f4d4f79e13c1e0117ce9c2f7"
  version = "v1.0.0"

[[projects]]
  digest = "1:a57bc814d0e10622afddcab7b1628755acb8d3234b9d220a21392307dd3f74de"
  name = "github.com/valyala/fasthttp"
  packages = [
    ".",
    "fasthttputil",
    "stackless",
  ]
  pruneopts = "UT"
  revision = "6234776e7cc4d66f235fc4814aace2c9b7099ce7"
  version = "v1.19.0"

[[projects]]
  digest = "1:7a3de4371d6b68c6f37a0df2c09905664d9de59026c91cbe275aae55f4fe760f"
  name = "go.uber.org/atomic"
  packages = ["."]
  pruneopts = "UT"
  revision = "12f27ba2637fa0e13772a4f05fa46a5d18d53182"
  version = "v1.7.0"

[solve-meta]
  analyzer-name = "dep"
  analyzer-version = 1
  input-imports = [
    "github.com/aws/aws-sdk-go/aws",
    "github.com/aws/aws-sdk-go/aws/session",
    "github.com/aws/aws-sdk-go/service/s3/s3manager",
    "github.com/aws/aws-sdk-go/service/sqs",
    "github.com/google/uuid",
    "github.com/json-iterator/go",
    "github.com/klauspost/pgzip",
    "github.com/qiangxue/fasthttp-routing",
    "github.com/rs/zerolog",
    "github.com/rs/zerolog/log",
    "github.com/valyala/fasthttp",
    "go.uber.org/atomic",
  ]
  solver-name = "gps-cdcl"
  solver-version = 1
